
Microsoft Visual Studio Solution File, Format Version 12.00
# Visual Studio Version 17
VisualStudioVersion = 17.14.36401.2
MinimumVisualStudioVersion = 10.0.40219.1
Project("{2150E333-8FDC-42A3-9474-1A3956D46DE8}") = "Src", "Src", "{02EA681E-C7D8-13C7-8484-4AC65E1B71E8}"
EndProject
Project("{2150E333-8FDC-42A3-9474-1A3956D46DE8}") = "Tests", "Tests", "{90063068-2192-4268-A301-82524568406B}"
EndProject
Project("{FAE04EC0-301F-11D3-BF4B-00C04F79EFBC}") = "SizeFintech.API", "src\SizeFintech.API\SizeFintech.API.csproj", "{DBECEDB3-5327-5CF5-B964-CF729E9EEFBB}"
EndProject
Project("{FAE04EC0-301F-11D3-BF4B-00C04F79EFBC}") = "SizeFintech.Application", "src\SizeFintech.Application\SizeFintech.Application.csproj", "{0AED9F1B-D2CB-6C6C-890A-CC2189043112}"
EndProject
Project("{FAE04EC0-301F-11D3-BF4B-00C04F79EFBC}") = "SizeFintech.Domain", "src\SizeFintech.Domain\SizeFintech.Domain.csproj", "{34EF29A4-0133-D3FD-85FD-D9AF39869308}"
EndProject
Project("{FAE04EC0-301F-11D3-BF4B-00C04F79EFBC}") = "SizeFintech.Infra", "src\SizeFintech.Infra\SizeFintech.Infra.csproj", "{5F4BCE4B-36F9-2B15-60A6-07F5FE99D71D}"
EndProject
Project("{FAE04EC0-301F-11D3-BF4B-00C04F79EFBC}") = "SizeFintech.API.Tests", "Tests\SizeFintech.API.Tests\SizeFintech.API.Tests.csproj", "{89332589-3FEA-8A03-6B9A-5583FBA7AEAE}"
EndProject
Project("{FAE04EC0-301F-11D3-BF4B-00C04F79EFBC}") = "SizeFintech.Application.Tests", "Tests\SizeFintech.Application.Tests\SizeFintech.Application.Tests.csproj", "{FCC6C000-EEE8-EA36-ED4D-8189F413FA48}"
EndProject
Global
	GlobalSection(SolutionConfigurationPlatforms) = preSolution
		Debug|Any CPU = Debug|Any CPU
		Release|Any CPU = Release|Any CPU
	EndGlobalSection
	GlobalSection(ProjectConfigurationPlatforms) = postSolution
		{DBECEDB3-5327-5CF5-B964-CF729E9EEFBB}.Debug|Any CPU.ActiveCfg = Debug|Any CPU
		{DBECEDB3-5327-5CF5-B964-CF729E9EEFBB}.Debug|Any CPU.Build.0 = Debug|Any CPU
		{DBECEDB3-5327-5CF5-B964-CF729E9EEFBB}.Release|Any CPU.ActiveCfg = Release|Any CPU
		{DBECEDB3-5327-5CF5-B964-CF729E9EEFBB}.Release|Any CPU.Build.0 = Release|Any CPU
		{0AED9F1B-D2CB-6C6C-890A-CC2189043112}.Debug|Any CPU.ActiveCfg = Debug|Any CPU
		{0AED9F1B-D2CB-6C6C-890A-CC2189043112}.Debug|Any CPU.Build.0 = Debug|Any CPU
		{0AED9F1B-D2CB-6C6C-890A-CC2189043112}.Release|Any CPU.ActiveCfg = Release|Any CPU
		{0AED9F1B-D2CB-6C6C-890A-CC2189043112}.Release|Any CPU.Build.0 = Release|Any CPU
		{34EF29A4-0133-D3FD-85FD-D9AF39869308}.Debug|Any CPU.ActiveCfg = Debug|Any CPU
		{34EF29A4-0133-D3FD-85FD-D9AF39869308}.Debug|Any CPU.Build.0 = Debug|Any CPU
		{34EF29A4-0133-D3FD-85FD-D9AF39869308}.Release|Any CPU.ActiveCfg = Release|Any CPU
		{34EF29A4-0133-D3FD-85FD-D9AF39869308}.Release|Any CPU.Build.0 = Release|Any CPU
		{5F4BCE4B-36F9-2B15-60A6-07F5FE99D71D}.Debug|Any CPU.ActiveCfg = Debug|Any CPU
		{5F4BCE4B-36F9-2B15-60A6-07F5FE99D71D}.Debug|Any CPU.Build.0 = Debug|Any CPU
		{5F4BCE4B-36F9-2B15-60A6-07F5FE99D71D}.Release|Any CPU.ActiveCfg = Release|Any CPU
		{5F4BCE4B-36F9-2B15-60A6-07F5FE99D71D}.Release|Any CPU.Build.0 = Release|Any CPU
		{89332589-3FEA-8A03-6B9A-5583FBA7AEAE}.Debug|Any CPU.ActiveCfg = Debug|Any CPU
		{89332589-3FEA-8A03-6B9A-5583FBA7AEAE}.Debug|Any CPU.Build.0 = Debug|Any CPU
		{89332589-3FEA-8A03-6B9A-5583FBA7AEAE}.Release|Any CPU.ActiveCfg = Release|Any CPU
		{89332589-3FEA-8A03-6B9A-5583FBA7AEAE}.Release|Any CPU.Build.0 = Release|Any CPU
		{FCC6C000-EEE8-EA36-ED4D-8189F413FA48}.Debug|Any CPU.ActiveCfg = Debug|Any CPU
		{FCC6C000-EEE8-EA36-ED4D-8189F413FA48}.Debug|Any CPU.Build.0 = Debug|Any CPU
		{FCC6C000-EEE8-EA36-ED4D-8189F413FA48}.Release|Any CPU.ActiveCfg = Release|Any CPU
		{FCC6C000-EEE8-EA36-ED4D-8189F413FA48}.Release|Any CPU.Build.0 = Release|Any CPU
	EndGlobalSection
	GlobalSection(SolutionProperties) = preSolution
		HideSolutionNode = FALSE
	EndGlobalSection
	GlobalSection(NestedProjects) = preSolution
		{DBECEDB3-5327-5CF5-B964-CF729E9EEFBB} = {02EA681E-C7D8-13C7-8484-4AC65E1B71E8}
		{0AED9F1B-D2CB-6C6C-890A-CC2189043112} = {02EA681E-C7D8-13C7-8484-4AC65E1B71E8}
		{34EF29A4-0133-D3FD-85FD-D9AF39869308} = {02EA681E-C7D8-13C7-8484-4AC65E1B71E8}
		{5F4BCE4B-36F9-2B15-60A6-07F5FE99D71D} = {02EA681E-C7D8-13C7-8484-4AC65E1B71E8}
		{89332589-3FEA-8A03-6B9A-5583FBA7AEAE} = {90063068-2192-4268-A301-82524568406B}
		{FCC6C000-EEE8-EA36-ED4D-8189F413FA48} = {90063068-2192-4268-A301-82524568406B}
	EndGlobalSection
	GlobalSection(ExtensibilityGlobals) = postSolution
		SolutionGuid = {2C4E5DE0-1882-4C06-8002-2BE152291AA3}
	EndGlobalSection
EndGlobal
